// !$*UTF8*$!
{
	archiveVersion = 1;
	classes = {
	};
	objectVersion = 46;
	objects = {

/* Begin PBXBuildFile section */
		EF1977141B4572240032A11D /* AppDelegate.swift in Sources */ = {isa = PBXBuildFile; fileRef = EF1977131B4572240032A11D /* AppDelegate.swift */; };
		EF1977161B4572240032A11D /* PhotoAlbumViewController.swift in Sources */ = {isa = PBXBuildFile; fileRef = EF1977151B4572240032A11D /* PhotoAlbumViewController.swift */; };
		EF1977191B4572240032A11D /* Main.storyboard in Resources */ = {isa = PBXBuildFile; fileRef = EF1977171B4572240032A11D /* Main.storyboard */; };
		EF19771B1B4572240032A11D /* Assets.xcassets in Resources */ = {isa = PBXBuildFile; fileRef = EF19771A1B4572240032A11D /* Assets.xcassets */; };
		EF19771E1B4572240032A11D /* LaunchScreen.storyboard in Resources */ = {isa = PBXBuildFile; fileRef = EF19771C1B4572240032A11D /* LaunchScreen.storyboard */; };
/* End PBXBuildFile section */

/* Begin PBXFileReference section */
		EF1977101B4572240032A11D /* PhotoMob.app */ = {isa = PBXFileReference; explicitFileType = wrapper.application; includeInIndex = 0; path = PhotoMob.app; sourceTree = BUILT_PRODUCTS_DIR; };
		EF1977131B4572240032A11D /* AppDelegate.swift */ = {isa = PBXFileReference; lastKnownFileType = sourcecode.swift; path = AppDelegate.swift; sourceTree = "<group>"; };
		EF1977151B4572240032A11D /* PhotoAlbumViewController.swift */ = {isa = PBXFileReference; lastKnownFileType = sourcecode.swift; path = PhotoAlbumViewController.swift; sourceTree = "<group>"; };
		EF1977181B4572240032A11D /* Base */ = {isa = PBXFileReference; lastKnownFileType = file.storyboard; name = Base; path = Base.lproj/Main.storyboard; sourceTree = "<group>"; };
		EF19771A1B4572240032A11D /* Assets.xcassets */ = {isa = PBXFileReference; lastKnownFileType = folder.assetcatalog; path = Assets.xcassets; sourceTree = "<group>"; };
		EF19771D1B4572240032A11D /* Base */ = {isa = PBXFileReference; lastKnownFileType = file.storyboard; name = Base; path = Base.lproj/LaunchScreen.storyboard; sourceTree = "<group>"; };
		EF19771F1B4572240032A11D /* Info.plist */ = {isa = PBXFileReference; lastKnownFileType = text.plist.xml; path = Info.plist; sourceTree = "<group>"; };
/* End PBXFileReference section */

/* Begin PBXFrameworksBuildPhase section */
		EF19770D1B4572240032A11D /* Frameworks */ = {
			isa = PBXFrameworksBuildPhase;
			buildActionMask = 2147483647;
			files = (
			);
			runOnlyForDeploymentPostprocessing = 0;
		};
/* End PBXFrameworksBuildPhase section */

/* Begin PBXGroup section */
		EF1977071B4572240032A11D = {
			isa = PBXGroup;
			children = (
				EF1977121B4572240032A11D /* PhotoMob */,
				EF1977111B4572240032A11D /* Products */,
			);
			sourceTree = "<group>";
		};
		EF1977111B4572240032A11D /* Products */ = {
			isa = PBXGroup;
			children = (
				EF1977101B4572240032A11D /* PhotoMob.app */,
			);
			name = Products;
			sourceTree = "<group>";
		};
		EF1977121B4572240032A11D /* PhotoMob */ = {
			isa = PBXGroup;
			children = (
				EF1977131B4572240032A11D /* AppDelegate.swift */,
				EF1977151B4572240032A11D /* PhotoAlbumViewController.swift */,
				EF1977171B4572240032A11D /* Main.storyboard */,
				EF19771A1B4572240032A11D /* Assets.xcassets */,
				EF19771C1B4572240032A11D /* LaunchScreen.storyboard */,
				EF19771F1B4572240032A11D /* Info.plist */,
			);
			path = PhotoMob;
			sourceTree = "<group>";
		};
/* End PBXGroup section */

/* Begin PBXNativeTarget section */
		EF19770F1B4572240032A11D /* PhotoMob */ = {
			isa = PBXNativeTarget;
			buildConfigurationList = EF1977221B4572240032A11D /* Build configuration list for PBXNativeTarget "PhotoMob" */;
			buildPhases = (
				EF19770C1B4572240032A11D /* Sources */,
				EF19770D1B4572240032A11D /* Frameworks */,
				EF19770E1B4572240032A11D /* Resources */,
			);
			buildRules = (
			);
			dependencies = (
			);
			name = PhotoMob;
			productName = PhotoMob;
			productReference = EF1977101B4572240032A11D /* PhotoMob.app */;
			productType = "com.apple.product-type.application";
		};
/* End PBXNativeTarget section */

/* Begin PBXProject section */
		EF1977081B4572240032A11D /* Project object */ = {
			isa = PBXProject;
			attributes = {
				LastUpgradeCheck = 0700;
				ORGANIZATIONNAME = learnSwift.io;
				TargetAttributes = {
					EF19770F1B4572240032A11D = {
						CreatedOnToolsVersion = 7.0;
					};
				};
			};
			buildConfigurationList = EF19770B1B4572240032A11D /* Build configuration list for PBXProject "PhotoMob" */;
			compatibilityVersion = "Xcode 3.2";
			developmentRegion = English;
			hasScannedForEncodings = 0;
			knownRegions = (
				en,
				Base,
			);
			mainGroup = EF1977071B4572240032A11D;
			productRefGroup = EF1977111B4572240032A11D /* Products */;
			projectDirPath = "";
			projectRoot = "";
			targets = (
				EF19770F1B4572240032A11D /* PhotoMob */,
			);
		};
/* End PBXProject section */

/* Begin PBXResourcesBuildPhase section */
		EF19770E1B4572240032A11D /* Resources */ = {
			isa = PBXResourcesBuildPhase;
			buildActionMask = 2147483647;
			files = (
				EF19771E1B4572240032A11D /* LaunchScreen.storyboard in Resources */,
				EF19771B1B4572240032A11D /* Assets.xcassets in Resources */,
				EF1977191B4572240032A11D /* Main.storyboard in Resources */,
			);
			runOnlyForDeploymentPostprocessing = 0;
		};
/* End PBXResourcesBuildPhase section */

/* Begin PBXSourcesBuildPhase section */
		EF19770C1B4572240032A11D /* Sources */ = {
			isa = PBXSourcesBuildPhase;
			buildActionMask = 2147483647;
			files = (
				EF1977161B4572240032A11D /* PhotoAlbumViewController.swift in Sources */,
				EF1977141B4572240032A11D /* AppDelegate.swift in Sources */,
			);
			runOnlyForDeploymentPostprocessing = 0;
		};
/* End PBXSourcesBuildPhase section */

/* Begin PBXVariantGroup section */
		EF1977171B4572240032A11D /* Main.storyboard */ = {
			isa = PBXVariantGroup;
			children = (
				EF1977181B4572240032A11D /* Base */,
			);
			name = Main.storyboard;
			sourceTree = "<group>";
		};
		EF19771C1B4572240032A11D /* LaunchScreen.storyboard */ = {
			isa = PBXVariantGroup;
			children = (
				EF19771D1B4572240032A11D /* Base */,
			);
			name = LaunchScreen.storyboard;
			sourceTree = "<group>";
		};
/* End PBXVariantGroup section */

/* Begin XCBuildConfiguration section */
		EF1977201B4572240032A11D /* Debug */ = {
			isa = XCBuildConfiguration;
			buildSettings = {
				ALWAYS_SEARCH_USER_PATHS = NO;
				CLANG_CXX_LANGUAGE_STANDARD = "gnu++0x";
				CLANG_CXX_LIBRARY = "libc++";
				CLANG_ENABLE_MODULES = YES;
				CLANG_ENABLE_OBJC_ARC = YES;
				CLANG_WARN_BOOL_CONVERSION = YES;
				CLANG_WARN_CONSTANT_CONVERSION = YES;
				CLANG_WARN_DIRECT_OBJC_ISA_USAGE = YES_ERROR;
				CLANG_WARN_EMPTY_BODY = YES;
				CLANG_WARN_ENUM_CONVERSION = YES;
				CLANG_WARN_INT_CONVERSION = YES;
				CLANG_WARN_OBJC_ROOT_CLASS = YES_ERROR;
				CLANG_WARN_UNREACHABLE_CODE = YES;
				CLANG_WARN__DUPLICATE_METHOD_MATCH = YES;
				"CODE_SIGN_IDENTITY[sdk=iphoneos*]" = "iPhone Developer";
				COPY_PHASE_STRIP = NO;
				DEBUG_INFORMATION_FORMAT = dwarf;
				ENABLE_STRICT_OBJC_MSGSEND = YES;
				ENABLE_TESTABILITY = YES;
				GCC_C_LANGUAGE_STANDARD = gnu99;
				GCC_DYNAMIC_NO_PIC = NO;
				GCC_NO_COMMON_BLOCKS = YES;
				GCC_OPTIMIZATION_LEVEL = 0;
				GCC_PREPROCESSOR_DEFINITIONS = (
					"DEBUG=1",
					"$(inherited)",
				);
				GCC_WARN_64_TO_32_BIT_CONVERSION = YES;
				GCC_WARN_ABOUT_RETURN_TYPE = YES_ERROR;
				GCC_WARN_UNDECLARED_SELECTOR = YES;
				GCC_WARN_UNINITIALIZED_AUTOS = YES_AGGRESSIVE;
				GCC_WARN_UNUSED_FUNCTION = YES;
				GCC_WARN_UNUSED_VARIABLE = YES;
				IPHONEOS_DEPLOYMENT_TARGET = 9.0;
				MTL_ENABLE_DEBUG_INFO = YES;
				ONLY_ACTIVE_ARCH = YES;
				SDKROOT = iphoneos;
				SWIFT_OPTIMIZATION_LEVEL = "-Onone";
				TARGETED_DEVICE_FAMILY = "1,2";
			};
			name = Debug;
		};
		EF1977211B4572240032A11D /* Release */ = {
			isa = XCBuildConfiguration;
			buildSettings = {
				ALWAYS_SEARCH_USER_PATHS = NO;
				CLANG_CXX_LANGUAGE_STANDARD = "gnu++0x";
				CLANG_CXX_LIBRARY = "libc++";
				CLANG_ENABLE_MODULES = YES;
				CLANG_ENABLE_OBJC_ARC = YES;
				CLANG_WARN_BOOL_CONVERSION = YES;
				CLANG_WARN_CONSTANT_CONVERSION = YES;
				CLANG_WARN_DIRECT_OBJC_ISA_USAGE = YES_ERROR;
				CLANG_WARN_EMPTY_BODY = YES;
				CLANG_WARN_ENUM_CONVERSION = YES;
				CLANG_WARN_INT_CONVERSION = YES;
				CLANG_WARN_OBJC_ROOT_CLASS = YES_ERROR;
				CLANG_WARN_UNREACHABLE_CODE = YES;
				CLANG_WARN__DUPLICATE_METHOD_MATCH = YES;
				"CODE_SIGN_IDENTITY[sdk=iphoneos*]" = "iPhone Developer";
				COPY_PHASE_STRIP = NO;
				DEBUG_INFORMATION_FORMAT = "dwarf-with-dsym";
				ENABLE_NS_ASSERTIONS = NO;
				ENABLE_STRICT_OBJC_MSGSEND = YES;
				GCC_C_LANGUAGE_STANDARD = gnu99;
				GCC_NO_COMMON_BLOCKS = YES;
				GCC_WARN_64_TO_32_BIT_CONVERSION = YES;
				GCC_WARN_ABOUT_RETURN_TYPE = YES_ERROR;
				GCC_WARN_UNDECLARED_SELECTOR = YES;
				GCC_WARN_UNINITIALIZED_AUTOS = YES_AGGRESSIVE;
				GCC_WARN_UNUSED_FUNCTION = YES;
				GCC_WARN_UNUSED_VARIABLE = YES;
				IPHONEOS_DEPLOYMENT_TARGET = 9.0;
				MTL_ENABLE_DEBUG_INFO = NO;
				SDKROOT = iphoneos;
				TARGETED_DEVICE_FAMILY = "1,2";
				VALIDATE_PRODUCT = YES;
			};
			name = Release;
		};
		EF1977231B4572240032A11D /* Debug */ = {
			isa = XCBuildConfiguration;
			buildSettings = {
				ASSETCATALOG_COMPILER_APPICON_NAME = AppIcon;
				INFOPLIST_FILE = PhotoMob/Info.plist;
				LD_RUNPATH_SEARCH_PATHS = "$(inherited) @executable_path/Frameworks";
				PRODUCT_BUNDLE_IDENTIFIER = io.learnSwift.PhotoMob;
				PRODUCT_NAME = "$(TARGET_NAME)";
			};
			name = Debug;
		};
		EF1977241B4572240032A11D /* Release */ = {
			isa = XCBuildConfiguration;
			buildSettings = {
				ASSETCATALOG_COMPILER_APPICON_NAME = AppIcon;
				INFOPLIST_FILE = PhotoMob/Info.plist;
				LD_RUNPATH_SEARCH_PATHS = "$(inherited) @executable_path/Frameworks";
				PRODUCT_BUNDLE_IDENTIFIER = io.learnSwift.PhotoMob;
				PRODUCT_NAME = "$(TARGET_NAME)";
			};
			name = Release;
		};
/* End XCBuildConfiguration section */

/* Begin XCConfigurationList section */
		EF19770B1B4572240032A11D /* Build configuration list for PBXProject "PhotoMob" */ = {
			isa = XCConfigurationList;
			buildConfigurations = (
				EF1977201B4572240032A11D /* Debug */,
				EF1977211B4572240032A11D /* Release */,
			);
			defaultConfigurationIsVisible = 0;
			defaultConfigurationName = Release;
		};
		EF1977221B4572240032A11D /* Build configuration list for PBXNativeTarget "PhotoMob" */ = {
			isa = XCConfigurationList;
			buildConfigurations = (
				EF1977231B4572240032A11D /* Debug */,
				EF1977241B4572240032A11D /* Release */,
			);
			defaultConfigurationIsVisible = 0;
		};
/* End XCConfigurationList section */
	};
	rootObject = EF1977081B4572240032A11D /* Project object */;
}
